
Microsoft Visual Studio Solution File, Format Version 12.00
# Visual Studio Version 17
VisualStudioVersion = 17.0.31903.59
MinimumVisualStudioVersion = 10.0.40219.1
Project("{9A19103F-16F7-4668-BE54-9A1E7A4F7556}") = "Todolist_SQLITE", "Todolist_SQLITE.csproj", "{1810C1AE-6862-42CC-9E94-CE49556E003B}"
EndProject
Global
	GlobalSection(SolutionConfigurationPlatforms) = preSolution
		Debug|Any CPU = Debug|Any CPU
		Release|Any CPU = Release|Any CPU
	EndGlobalSection
	GlobalSection(ProjectConfigurationPlatforms) = postSolution
		{1810C1AE-6862-42CC-9E94-CE49556E003B}.Debug|Any CPU.ActiveCfg = Debug|Any CPU
		{1810C1AE-6862-42CC-9E94-CE49556E003B}.Debug|Any CPU.Build.0 = Debug|Any CPU
		{1810C1AE-6862-42CC-9E94-CE49556E003B}.Release|Any CPU.ActiveCfg = Release|Any CPU
		{1810C1AE-6862-42CC-9E94-CE49556E003B}.Release|Any CPU.Build.0 = Release|Any CPU
	EndGlobalSection
	GlobalSection(SolutionProperties) = preSolution
		HideSolutionNode = FALSE
	EndGlobalSection
	GlobalSection(ExtensibilityGlobals) = postSolution
		SolutionGuid = {DD9F07DA-2ED6-43FE-BDC9-0C3F0770FE71}
	EndGlobalSection
EndGlobal
